
Microsoft Visual Studio Solution File, Format Version 12.00
# Visual Studio Version 16
VisualStudioVersion = 16.0.29709.97
MinimumVisualStudioVersion = 10.0.40219.1
Project("{9A19103F-16F7-4668-BE54-9A1E7A4F7556}") = "WebApp", "WebApp\WebApp.csproj", "{0B77C3B7-55A8-4CB2-B7F6-1E9320B64B17}"
EndProject
Project("{2150E333-8FDC-42A3-9474-1A3956D46DE8}") = "Web", "Web", "{F851FB1F-164A-4FB7-9AA8-693F0BF77838}"
EndProject
Project("{2150E333-8FDC-42A3-9474-1A3956D46DE8}") = "APIs", "APIs", "{68D06816-D191-4CA9-9D36-4876170781E1}"
EndProject
Project("{9A19103F-16F7-4668-BE54-9A1E7A4F7556}") = "Meat.API", "APIs\Meat.API\Meat.API.csproj", "{54F809C4-9A4E-455E-B61F-53B92C1602A1}"
EndProject
Project("{2150E333-8FDC-42A3-9474-1A3956D46DE8}") = "Meat", "Meat", "{E66DFBB6-5263-4D42-9E97-E982F4F5FACA}"
EndProject
Project("{2150E333-8FDC-42A3-9474-1A3956D46DE8}") = "Shared.Services", "Shared.Services", "{EC39CD3C-F452-4E2A-9421-1752B69398C8}"
EndProject
Project("{FAE04EC0-301F-11D3-BF4B-00C04F79EFBC}") = "Shared", "APIs\Shared\Shared.csproj", "{885C22DB-5AD8-4A77-83B9-92335C2A9C2E}"
EndProject
Global
	GlobalSection(SolutionConfigurationPlatforms) = preSolution
		Debug|Any CPU = Debug|Any CPU
		Release|Any CPU = Release|Any CPU
	EndGlobalSection
	GlobalSection(ProjectConfigurationPlatforms) = postSolution
		{0B77C3B7-55A8-4CB2-B7F6-1E9320B64B17}.Debug|Any CPU.ActiveCfg = Debug|Any CPU
		{0B77C3B7-55A8-4CB2-B7F6-1E9320B64B17}.Debug|Any CPU.Build.0 = Debug|Any CPU
		{0B77C3B7-55A8-4CB2-B7F6-1E9320B64B17}.Release|Any CPU.ActiveCfg = Release|Any CPU
		{0B77C3B7-55A8-4CB2-B7F6-1E9320B64B17}.Release|Any CPU.Build.0 = Release|Any CPU
		{54F809C4-9A4E-455E-B61F-53B92C1602A1}.Debug|Any CPU.ActiveCfg = Debug|Any CPU
		{54F809C4-9A4E-455E-B61F-53B92C1602A1}.Debug|Any CPU.Build.0 = Debug|Any CPU
		{54F809C4-9A4E-455E-B61F-53B92C1602A1}.Release|Any CPU.ActiveCfg = Release|Any CPU
		{54F809C4-9A4E-455E-B61F-53B92C1602A1}.Release|Any CPU.Build.0 = Release|Any CPU
		{885C22DB-5AD8-4A77-83B9-92335C2A9C2E}.Debug|Any CPU.ActiveCfg = Debug|Any CPU
		{885C22DB-5AD8-4A77-83B9-92335C2A9C2E}.Debug|Any CPU.Build.0 = Debug|Any CPU
		{885C22DB-5AD8-4A77-83B9-92335C2A9C2E}.Release|Any CPU.ActiveCfg = Release|Any CPU
		{885C22DB-5AD8-4A77-83B9-92335C2A9C2E}.Release|Any CPU.Build.0 = Release|Any CPU
	EndGlobalSection
	GlobalSection(SolutionProperties) = preSolution
		HideSolutionNode = FALSE
	EndGlobalSection
	GlobalSection(NestedProjects) = preSolution
		{0B77C3B7-55A8-4CB2-B7F6-1E9320B64B17} = {F851FB1F-164A-4FB7-9AA8-693F0BF77838}
		{54F809C4-9A4E-455E-B61F-53B92C1602A1} = {E66DFBB6-5263-4D42-9E97-E982F4F5FACA}
		{E66DFBB6-5263-4D42-9E97-E982F4F5FACA} = {68D06816-D191-4CA9-9D36-4876170781E1}
		{EC39CD3C-F452-4E2A-9421-1752B69398C8} = {68D06816-D191-4CA9-9D36-4876170781E1}
		{885C22DB-5AD8-4A77-83B9-92335C2A9C2E} = {EC39CD3C-F452-4E2A-9421-1752B69398C8}
	EndGlobalSection
	GlobalSection(ExtensibilityGlobals) = postSolution
		SolutionGuid = {659BF496-401D-404E-9FD8-F5A83E46E68D}
	EndGlobalSection
EndGlobal
